
Microsoft Visual Studio Solution File, Format Version 12.00
# Visual Studio Version 17
VisualStudioVersion = 17.7.34018.315
MinimumVisualStudioVersion = 10.0.40219.1
Project("{FAE04EC0-301F-11D3-BF4B-00C04F79EFBC}") = "Calc3", "Calc3\Calc3.csproj", "{636AB921-ED3E-4D13-8FD0-A3A1193E88EB}"
EndProject
Global
	GlobalSection(SolutionConfigurationPlatforms) = preSolution
		Debug|Any CPU = Debug|Any CPU
		Release|Any CPU = Release|Any CPU
	EndGlobalSection
	GlobalSection(ProjectConfigurationPlatforms) = postSolution
		{636AB921-ED3E-4D13-8FD0-A3A1193E88EB}.Debug|Any CPU.ActiveCfg = Debug|Any CPU
		{636AB921-ED3E-4D13-8FD0-A3A1193E88EB}.Debug|Any CPU.Build.0 = Debug|Any CPU
		{636AB921-ED3E-4D13-8FD0-A3A1193E88EB}.Release|Any CPU.ActiveCfg = Release|Any CPU
		{636AB921-ED3E-4D13-8FD0-A3A1193E88EB}.Release|Any CPU.Build.0 = Release|Any CPU
	EndGlobalSection
	GlobalSection(SolutionProperties) = preSolution
		HideSolutionNode = FALSE
	EndGlobalSection
	GlobalSection(ExtensibilityGlobals) = postSolution
		SolutionGuid = {677E9142-DE73-4780-B52F-F4E9384F4378}
	EndGlobalSection
EndGlobal
